
Microsoft Visual Studio Solution File, Format Version 12.00
# Visual Studio Version 16
VisualStudioVersion = 16.0.32228.343
MinimumVisualStudioVersion = 10.0.40219.1
Project("{FAE04EC0-301F-11D3-BF4B-00C04F79EFBC}") = "Labb3-SystemTesting", "Labb3-SystemTesting\Labb3-SystemTesting.csproj", "{8E9C369E-0C96-436F-89A8-A6727B2BA907}"
EndProject
Project("{FAE04EC0-301F-11D3-BF4B-00C04F79EFBC}") = "Labb3-systemtestingXUnit", "Labb3-systemtestingXUnit\Labb3-systemtestingXUnit.csproj", "{652DF8B7-3BFC-40A4-9340-53FB32B79D24}"
EndProject
Global
	GlobalSection(SolutionConfigurationPlatforms) = preSolution
		Debug|Any CPU = Debug|Any CPU
		Release|Any CPU = Release|Any CPU
	EndGlobalSection
	GlobalSection(ProjectConfigurationPlatforms) = postSolution
		{8E9C369E-0C96-436F-89A8-A6727B2BA907}.Debug|Any CPU.ActiveCfg = Debug|Any CPU
		{8E9C369E-0C96-436F-89A8-A6727B2BA907}.Debug|Any CPU.Build.0 = Debug|Any CPU
		{8E9C369E-0C96-436F-89A8-A6727B2BA907}.Release|Any CPU.ActiveCfg = Release|Any CPU
		{8E9C369E-0C96-436F-89A8-A6727B2BA907}.Release|Any CPU.Build.0 = Release|Any CPU
		{652DF8B7-3BFC-40A4-9340-53FB32B79D24}.Debug|Any CPU.ActiveCfg = Debug|Any CPU
		{652DF8B7-3BFC-40A4-9340-53FB32B79D24}.Debug|Any CPU.Build.0 = Debug|Any CPU
		{652DF8B7-3BFC-40A4-9340-53FB32B79D24}.Release|Any CPU.ActiveCfg = Release|Any CPU
		{652DF8B7-3BFC-40A4-9340-53FB32B79D24}.Release|Any CPU.Build.0 = Release|Any CPU
	EndGlobalSection
	GlobalSection(SolutionProperties) = preSolution
		HideSolutionNode = FALSE
	EndGlobalSection
	GlobalSection(ExtensibilityGlobals) = postSolution
		SolutionGuid = {DB4D00F4-7364-4620-96A7-B439EC4E0BF7}
	EndGlobalSection
EndGlobal
